
Microsoft Visual Studio Solution File, Format Version 12.00
Project("{FAE04EC0-301F-11D3-BF4B-00C04F79EFBC}") = "zadd1", "zadd1\zadd1.csproj", "{0FF9CEBD-2F13-4C2A-A232-94EE9944F064}"
EndProject
Global
	GlobalSection(SolutionConfigurationPlatforms) = preSolution
		Debug|Any CPU = Debug|Any CPU
		Release|Any CPU = Release|Any CPU
	EndGlobalSection
	GlobalSection(ProjectConfigurationPlatforms) = postSolution
		{0FF9CEBD-2F13-4C2A-A232-94EE9944F064}.Debug|Any CPU.ActiveCfg = Debug|Any CPU
		{0FF9CEBD-2F13-4C2A-A232-94EE9944F064}.Debug|Any CPU.Build.0 = Debug|Any CPU
		{0FF9CEBD-2F13-4C2A-A232-94EE9944F064}.Release|Any CPU.ActiveCfg = Release|Any CPU
		{0FF9CEBD-2F13-4C2A-A232-94EE9944F064}.Release|Any CPU.Build.0 = Release|Any CPU
	EndGlobalSection
EndGlobal
